
Microsoft Visual Studio Solution File, Format Version 12.00
# Visual Studio Version 17
VisualStudioVersion = 17.0.31903.59
MinimumVisualStudioVersion = 10.0.40219.1
Project("{FAE04EC0-301F-11D3-BF4B-00C04F79EFBC}") = "00_Helloworld", "00_Helloworld\00_Helloworld.csproj", "{1DC04BBA-6497-428A-B22A-4EB10EBFBFED}"
EndProject
Project("{FAE04EC0-301F-11D3-BF4B-00C04F79EFBC}") = "01_Variables", "01_Variables\01_Variables.csproj", "{A89FFFD6-FCC1-4C48-9F4F-B41DD623FF30}"
EndProject
Project("{FAE04EC0-301F-11D3-BF4B-00C04F79EFBC}") = "02_Types", "02_Types\02_Types.csproj", "{DA77F6DC-50D8-4C57-B58D-659198A82ED6}"
EndProject
Project("{FAE04EC0-301F-11D3-BF4B-00C04F79EFBC}") = "02_TypesChallenges", "02_TypesChallenges\02_TypesChallenges.csproj", "{EE327A1C-9F0D-4E75-8FA5-D793E2621673}"
EndProject
Project("{FAE04EC0-301F-11D3-BF4B-00C04F79EFBC}") = "03_Operators", "03_Operators\03_Operators.csproj", "{773EF7AF-D545-490C-95F9-7390E0DFFDE8}"
EndProject
Project("{FAE04EC0-301F-11D3-BF4B-00C04F79EFBC}") = "04_Strings", "04_Strings\04_Strings.csproj", "{A41708BE-2889-41BF-A90A-F86561DB6B4B}"
EndProject
Project("{FAE04EC0-301F-11D3-BF4B-00C04F79EFBC}") = "05_Booleans", "05_Booleans\05_Booleans.csproj", "{BDD26CF2-3855-42F0-B7D0-DA8BC271B6BE}"
EndProject
Project("{FAE04EC0-301F-11D3-BF4B-00C04F79EFBC}") = "06_Conditionals", "06_Conditionals\06_Conditionals.csproj", "{907966EA-BF2C-4283-A7CF-5FBCBAAD52D4}"
EndProject
Project("{FAE04EC0-301F-11D3-BF4B-00C04F79EFBC}") = "06_ElseStatements", "06_ElseStatements\06_ElseStatements.csproj", "{A6358709-F1AC-4414-A3AD-3CAA5D1C8A70}"
EndProject
Project("{FAE04EC0-301F-11D3-BF4B-00C04F79EFBC}") = "06_Switches", "06_Switches\06_Switches.csproj", "{B2D37F71-6560-4ACC-BD39-874A8CE98F91}"
EndProject
Project("{FAE04EC0-301F-11D3-BF4B-00C04F79EFBC}") = "06_SwitchExpressions", "06_SwitchExpressions\06_SwitchExpressions.csproj", "{134FD3C4-2D9D-495F-8F7C-27AABC0F2EFF}"
EndProject
Project("{FAE04EC0-301F-11D3-BF4B-00C04F79EFBC}") = "06_Tenaries", "06_Tenaries\06_Tenaries.csproj", "{CB3AA999-6DB1-4813-AF1B-30E3D707E040}"
EndProject
Project("{FAE04EC0-301F-11D3-BF4B-00C04F79EFBC}") = "07_Collections", "07_Collections\07_Collections.csproj", "{22A13EAB-6FCC-45D7-B2E2-5AFF11040BD6}"
EndProject
Project("{2150E333-8FDC-42A3-9474-1A3956D46DE8}") = "07_Loops", "07_Loops", "{2DD18678-92AE-48F4-B7B2-284D1C96F5E9}"
EndProject
Project("{FAE04EC0-301F-11D3-BF4B-00C04F79EFBC}") = "07_For", "07_Loops\07_For\07_For.csproj", "{AE3EC119-AD49-4044-AFCE-7774EA0DE747}"
EndProject
Project("{FAE04EC0-301F-11D3-BF4B-00C04F79EFBC}") = "07_ForEach", "07_Loops\07_ForEach\07_ForEach.csproj", "{7DF584F8-227C-4C30-A5EE-C26F593F31A6}"
EndProject
Project("{FAE04EC0-301F-11D3-BF4B-00C04F79EFBC}") = "07_ForLoopChallenges", "07_Loops\07_ForLoopChallenges\07_ForLoopChallenges.csproj", "{D57E39C5-0F48-4E4C-91D8-81410AB6BE7F}"
EndProject
Project("{FAE04EC0-301F-11D3-BF4B-00C04F79EFBC}") = "07_While", "07_Loops\07_While\07_While.csproj", "{41FEEB0E-86D9-48E3-A04C-138D53869A6A}"
EndProject
Global
	GlobalSection(SolutionProperties) = preSolution
		HideSolutionNode = FALSE
	EndGlobalSection
	GlobalSection(SolutionConfigurationPlatforms) = preSolution
		Debug|Any CPU = Debug|Any CPU
		Debug|x64 = Debug|x64
		Debug|x86 = Debug|x86
		Release|Any CPU = Release|Any CPU
		Release|x64 = Release|x64
		Release|x86 = Release|x86
	EndGlobalSection
	GlobalSection(ProjectConfigurationPlatforms) = postSolution
		{1DC04BBA-6497-428A-B22A-4EB10EBFBFED}.Debug|Any CPU.ActiveCfg = Debug|Any CPU
		{1DC04BBA-6497-428A-B22A-4EB10EBFBFED}.Debug|Any CPU.Build.0 = Debug|Any CPU
		{1DC04BBA-6497-428A-B22A-4EB10EBFBFED}.Debug|x64.ActiveCfg = Debug|Any CPU
		{1DC04BBA-6497-428A-B22A-4EB10EBFBFED}.Debug|x64.Build.0 = Debug|Any CPU
		{1DC04BBA-6497-428A-B22A-4EB10EBFBFED}.Debug|x86.ActiveCfg = Debug|Any CPU
		{1DC04BBA-6497-428A-B22A-4EB10EBFBFED}.Debug|x86.Build.0 = Debug|Any CPU
		{1DC04BBA-6497-428A-B22A-4EB10EBFBFED}.Release|Any CPU.ActiveCfg = Release|Any CPU
		{1DC04BBA-6497-428A-B22A-4EB10EBFBFED}.Release|Any CPU.Build.0 = Release|Any CPU
		{1DC04BBA-6497-428A-B22A-4EB10EBFBFED}.Release|x64.ActiveCfg = Release|Any CPU
		{1DC04BBA-6497-428A-B22A-4EB10EBFBFED}.Release|x64.Build.0 = Release|Any CPU
		{1DC04BBA-6497-428A-B22A-4EB10EBFBFED}.Release|x86.ActiveCfg = Release|Any CPU
		{1DC04BBA-6497-428A-B22A-4EB10EBFBFED}.Release|x86.Build.0 = Release|Any CPU
		{A89FFFD6-FCC1-4C48-9F4F-B41DD623FF30}.Debug|Any CPU.ActiveCfg = Debug|Any CPU
		{A89FFFD6-FCC1-4C48-9F4F-B41DD623FF30}.Debug|Any CPU.Build.0 = Debug|Any CPU
		{A89FFFD6-FCC1-4C48-9F4F-B41DD623FF30}.Debug|x64.ActiveCfg = Debug|Any CPU
		{A89FFFD6-FCC1-4C48-9F4F-B41DD623FF30}.Debug|x64.Build.0 = Debug|Any CPU
		{A89FFFD6-FCC1-4C48-9F4F-B41DD623FF30}.Debug|x86.ActiveCfg = Debug|Any CPU
		{A89FFFD6-FCC1-4C48-9F4F-B41DD623FF30}.Debug|x86.Build.0 = Debug|Any CPU
		{A89FFFD6-FCC1-4C48-9F4F-B41DD623FF30}.Release|Any CPU.ActiveCfg = Release|Any CPU
		{A89FFFD6-FCC1-4C48-9F4F-B41DD623FF30}.Release|Any CPU.Build.0 = Release|Any CPU
		{A89FFFD6-FCC1-4C48-9F4F-B41DD623FF30}.Release|x64.ActiveCfg = Release|Any CPU
		{A89FFFD6-FCC1-4C48-9F4F-B41DD623FF30}.Release|x64.Build.0 = Release|Any CPU
		{A89FFFD6-FCC1-4C48-9F4F-B41DD623FF30}.Release|x86.ActiveCfg = Release|Any CPU
		{A89FFFD6-FCC1-4C48-9F4F-B41DD623FF30}.Release|x86.Build.0 = Release|Any CPU
		{DA77F6DC-50D8-4C57-B58D-659198A82ED6}.Debug|Any CPU.ActiveCfg = Debug|Any CPU
		{DA77F6DC-50D8-4C57-B58D-659198A82ED6}.Debug|Any CPU.Build.0 = Debug|Any CPU
		{DA77F6DC-50D8-4C57-B58D-659198A82ED6}.Debug|x64.ActiveCfg = Debug|Any CPU
		{DA77F6DC-50D8-4C57-B58D-659198A82ED6}.Debug|x64.Build.0 = Debug|Any CPU
		{DA77F6DC-50D8-4C57-B58D-659198A82ED6}.Debug|x86.ActiveCfg = Debug|Any CPU
		{DA77F6DC-50D8-4C57-B58D-659198A82ED6}.Debug|x86.Build.0 = Debug|Any CPU
		{DA77F6DC-50D8-4C57-B58D-659198A82ED6}.Release|Any CPU.ActiveCfg = Release|Any CPU
		{DA77F6DC-50D8-4C57-B58D-659198A82ED6}.Release|Any CPU.Build.0 = Release|Any CPU
		{DA77F6DC-50D8-4C57-B58D-659198A82ED6}.Release|x64.ActiveCfg = Release|Any CPU
		{DA77F6DC-50D8-4C57-B58D-659198A82ED6}.Release|x64.Build.0 = Release|Any CPU
		{DA77F6DC-50D8-4C57-B58D-659198A82ED6}.Release|x86.ActiveCfg = Release|Any CPU
		{DA77F6DC-50D8-4C57-B58D-659198A82ED6}.Release|x86.Build.0 = Release|Any CPU
		{EE327A1C-9F0D-4E75-8FA5-D793E2621673}.Debug|Any CPU.ActiveCfg = Debug|Any CPU
		{EE327A1C-9F0D-4E75-8FA5-D793E2621673}.Debug|Any CPU.Build.0 = Debug|Any CPU
		{EE327A1C-9F0D-4E75-8FA5-D793E2621673}.Debug|x64.ActiveCfg = Debug|Any CPU
		{EE327A1C-9F0D-4E75-8FA5-D793E2621673}.Debug|x64.Build.0 = Debug|Any CPU
		{EE327A1C-9F0D-4E75-8FA5-D793E2621673}.Debug|x86.ActiveCfg = Debug|Any CPU
		{EE327A1C-9F0D-4E75-8FA5-D793E2621673}.Debug|x86.Build.0 = Debug|Any CPU
		{EE327A1C-9F0D-4E75-8FA5-D793E2621673}.Release|Any CPU.ActiveCfg = Release|Any CPU
		{EE327A1C-9F0D-4E75-8FA5-D793E2621673}.Release|Any CPU.Build.0 = Release|Any CPU
		{EE327A1C-9F0D-4E75-8FA5-D793E2621673}.Release|x64.ActiveCfg = Release|Any CPU
		{EE327A1C-9F0D-4E75-8FA5-D793E2621673}.Release|x64.Build.0 = Release|Any CPU
		{EE327A1C-9F0D-4E75-8FA5-D793E2621673}.Release|x86.ActiveCfg = Release|Any CPU
		{EE327A1C-9F0D-4E75-8FA5-D793E2621673}.Release|x86.Build.0 = Release|Any CPU
		{773EF7AF-D545-490C-95F9-7390E0DFFDE8}.Debug|Any CPU.ActiveCfg = Debug|Any CPU
		{773EF7AF-D545-490C-95F9-7390E0DFFDE8}.Debug|Any CPU.Build.0 = Debug|Any CPU
		{773EF7AF-D545-490C-95F9-7390E0DFFDE8}.Debug|x64.ActiveCfg = Debug|Any CPU
		{773EF7AF-D545-490C-95F9-7390E0DFFDE8}.Debug|x64.Build.0 = Debug|Any CPU
		{773EF7AF-D545-490C-95F9-7390E0DFFDE8}.Debug|x86.ActiveCfg = Debug|Any CPU
		{773EF7AF-D545-490C-95F9-7390E0DFFDE8}.Debug|x86.Build.0 = Debug|Any CPU
		{773EF7AF-D545-490C-95F9-7390E0DFFDE8}.Release|Any CPU.ActiveCfg = Release|Any CPU
		{773EF7AF-D545-490C-95F9-7390E0DFFDE8}.Release|Any CPU.Build.0 = Release|Any CPU
		{773EF7AF-D545-490C-95F9-7390E0DFFDE8}.Release|x64.ActiveCfg = Release|Any CPU
		{773EF7AF-D545-490C-95F9-7390E0DFFDE8}.Release|x64.Build.0 = Release|Any CPU
		{773EF7AF-D545-490C-95F9-7390E0DFFDE8}.Release|x86.ActiveCfg = Release|Any CPU
		{773EF7AF-D545-490C-95F9-7390E0DFFDE8}.Release|x86.Build.0 = Release|Any CPU
		{A41708BE-2889-41BF-A90A-F86561DB6B4B}.Debug|Any CPU.ActiveCfg = Debug|Any CPU
		{A41708BE-2889-41BF-A90A-F86561DB6B4B}.Debug|Any CPU.Build.0 = Debug|Any CPU
		{A41708BE-2889-41BF-A90A-F86561DB6B4B}.Debug|x64.ActiveCfg = Debug|Any CPU
		{A41708BE-2889-41BF-A90A-F86561DB6B4B}.Debug|x64.Build.0 = Debug|Any CPU
		{A41708BE-2889-41BF-A90A-F86561DB6B4B}.Debug|x86.ActiveCfg = Debug|Any CPU
		{A41708BE-2889-41BF-A90A-F86561DB6B4B}.Debug|x86.Build.0 = Debug|Any CPU
		{A41708BE-2889-41BF-A90A-F86561DB6B4B}.Release|Any CPU.ActiveCfg = Release|Any CPU
		{A41708BE-2889-41BF-A90A-F86561DB6B4B}.Release|Any CPU.Build.0 = Release|Any CPU
		{A41708BE-2889-41BF-A90A-F86561DB6B4B}.Release|x64.ActiveCfg = Release|Any CPU
		{A41708BE-2889-41BF-A90A-F86561DB6B4B}.Release|x64.Build.0 = Release|Any CPU
		{A41708BE-2889-41BF-A90A-F86561DB6B4B}.Release|x86.ActiveCfg = Release|Any CPU
		{A41708BE-2889-41BF-A90A-F86561DB6B4B}.Release|x86.Build.0 = Release|Any CPU
		{BDD26CF2-3855-42F0-B7D0-DA8BC271B6BE}.Debug|Any CPU.ActiveCfg = Debug|Any CPU
		{BDD26CF2-3855-42F0-B7D0-DA8BC271B6BE}.Debug|Any CPU.Build.0 = Debug|Any CPU
		{BDD26CF2-3855-42F0-B7D0-DA8BC271B6BE}.Debug|x64.ActiveCfg = Debug|Any CPU
		{BDD26CF2-3855-42F0-B7D0-DA8BC271B6BE}.Debug|x64.Build.0 = Debug|Any CPU
		{BDD26CF2-3855-42F0-B7D0-DA8BC271B6BE}.Debug|x86.ActiveCfg = Debug|Any CPU
		{BDD26CF2-3855-42F0-B7D0-DA8BC271B6BE}.Debug|x86.Build.0 = Debug|Any CPU
		{BDD26CF2-3855-42F0-B7D0-DA8BC271B6BE}.Release|Any CPU.ActiveCfg = Release|Any CPU
		{BDD26CF2-3855-42F0-B7D0-DA8BC271B6BE}.Release|Any CPU.Build.0 = Release|Any CPU
		{BDD26CF2-3855-42F0-B7D0-DA8BC271B6BE}.Release|x64.ActiveCfg = Release|Any CPU
		{BDD26CF2-3855-42F0-B7D0-DA8BC271B6BE}.Release|x64.Build.0 = Release|Any CPU
		{BDD26CF2-3855-42F0-B7D0-DA8BC271B6BE}.Release|x86.ActiveCfg = Release|Any CPU
		{BDD26CF2-3855-42F0-B7D0-DA8BC271B6BE}.Release|x86.Build.0 = Release|Any CPU
		{907966EA-BF2C-4283-A7CF-5FBCBAAD52D4}.Debug|Any CPU.ActiveCfg = Debug|Any CPU
		{907966EA-BF2C-4283-A7CF-5FBCBAAD52D4}.Debug|Any CPU.Build.0 = Debug|Any CPU
		{907966EA-BF2C-4283-A7CF-5FBCBAAD52D4}.Debug|x64.ActiveCfg = Debug|Any CPU
		{907966EA-BF2C-4283-A7CF-5FBCBAAD52D4}.Debug|x64.Build.0 = Debug|Any CPU
		{907966EA-BF2C-4283-A7CF-5FBCBAAD52D4}.Debug|x86.ActiveCfg = Debug|Any CPU
		{907966EA-BF2C-4283-A7CF-5FBCBAAD52D4}.Debug|x86.Build.0 = Debug|Any CPU
		{907966EA-BF2C-4283-A7CF-5FBCBAAD52D4}.Release|Any CPU.ActiveCfg = Release|Any CPU
		{907966EA-BF2C-4283-A7CF-5FBCBAAD52D4}.Release|Any CPU.Build.0 = Release|Any CPU
		{907966EA-BF2C-4283-A7CF-5FBCBAAD52D4}.Release|x64.ActiveCfg = Release|Any CPU
		{907966EA-BF2C-4283-A7CF-5FBCBAAD52D4}.Release|x64.Build.0 = Release|Any CPU
		{907966EA-BF2C-4283-A7CF-5FBCBAAD52D4}.Release|x86.ActiveCfg = Release|Any CPU
		{907966EA-BF2C-4283-A7CF-5FBCBAAD52D4}.Release|x86.Build.0 = Release|Any CPU
		{A6358709-F1AC-4414-A3AD-3CAA5D1C8A70}.Debug|Any CPU.ActiveCfg = Debug|Any CPU
		{A6358709-F1AC-4414-A3AD-3CAA5D1C8A70}.Debug|Any CPU.Build.0 = Debug|Any CPU
		{A6358709-F1AC-4414-A3AD-3CAA5D1C8A70}.Debug|x64.ActiveCfg = Debug|Any CPU
		{A6358709-F1AC-4414-A3AD-3CAA5D1C8A70}.Debug|x64.Build.0 = Debug|Any CPU
		{A6358709-F1AC-4414-A3AD-3CAA5D1C8A70}.Debug|x86.ActiveCfg = Debug|Any CPU
		{A6358709-F1AC-4414-A3AD-3CAA5D1C8A70}.Debug|x86.Build.0 = Debug|Any CPU
		{A6358709-F1AC-4414-A3AD-3CAA5D1C8A70}.Release|Any CPU.ActiveCfg = Release|Any CPU
		{A6358709-F1AC-4414-A3AD-3CAA5D1C8A70}.Release|Any CPU.Build.0 = Release|Any CPU
		{A6358709-F1AC-4414-A3AD-3CAA5D1C8A70}.Release|x64.ActiveCfg = Release|Any CPU
		{A6358709-F1AC-4414-A3AD-3CAA5D1C8A70}.Release|x64.Build.0 = Release|Any CPU
		{A6358709-F1AC-4414-A3AD-3CAA5D1C8A70}.Release|x86.ActiveCfg = Release|Any CPU
		{A6358709-F1AC-4414-A3AD-3CAA5D1C8A70}.Release|x86.Build.0 = Release|Any CPU
		{B2D37F71-6560-4ACC-BD39-874A8CE98F91}.Debug|Any CPU.ActiveCfg = Debug|Any CPU
		{B2D37F71-6560-4ACC-BD39-874A8CE98F91}.Debug|Any CPU.Build.0 = Debug|Any CPU
		{B2D37F71-6560-4ACC-BD39-874A8CE98F91}.Debug|x64.ActiveCfg = Debug|Any CPU
		{B2D37F71-6560-4ACC-BD39-874A8CE98F91}.Debug|x64.Build.0 = Debug|Any CPU
		{B2D37F71-6560-4ACC-BD39-874A8CE98F91}.Debug|x86.ActiveCfg = Debug|Any CPU
		{B2D37F71-6560-4ACC-BD39-874A8CE98F91}.Debug|x86.Build.0 = Debug|Any CPU
		{B2D37F71-6560-4ACC-BD39-874A8CE98F91}.Release|Any CPU.ActiveCfg = Release|Any CPU
		{B2D37F71-6560-4ACC-BD39-874A8CE98F91}.Release|Any CPU.Build.0 = Release|Any CPU
		{B2D37F71-6560-4ACC-BD39-874A8CE98F91}.Release|x64.ActiveCfg = Release|Any CPU
		{B2D37F71-6560-4ACC-BD39-874A8CE98F91}.Release|x64.Build.0 = Release|Any CPU
		{B2D37F71-6560-4ACC-BD39-874A8CE98F91}.Release|x86.ActiveCfg = Release|Any CPU
		{B2D37F71-6560-4ACC-BD39-874A8CE98F91}.Release|x86.Build.0 = Release|Any CPU
		{134FD3C4-2D9D-495F-8F7C-27AABC0F2EFF}.Debug|Any CPU.ActiveCfg = Debug|Any CPU
		{134FD3C4-2D9D-495F-8F7C-27AABC0F2EFF}.Debug|Any CPU.Build.0 = Debug|Any CPU
		{134FD3C4-2D9D-495F-8F7C-27AABC0F2EFF}.Debug|x64.ActiveCfg = Debug|Any CPU
		{134FD3C4-2D9D-495F-8F7C-27AABC0F2EFF}.Debug|x64.Build.0 = Debug|Any CPU
		{134FD3C4-2D9D-495F-8F7C-27AABC0F2EFF}.Debug|x86.ActiveCfg = Debug|Any CPU
		{134FD3C4-2D9D-495F-8F7C-27AABC0F2EFF}.Debug|x86.Build.0 = Debug|Any CPU
		{134FD3C4-2D9D-495F-8F7C-27AABC0F2EFF}.Release|Any CPU.ActiveCfg = Release|Any CPU
		{134FD3C4-2D9D-495F-8F7C-27AABC0F2EFF}.Release|Any CPU.Build.0 = Release|Any CPU
		{134FD3C4-2D9D-495F-8F7C-27AABC0F2EFF}.Release|x64.ActiveCfg = Release|Any CPU
		{134FD3C4-2D9D-495F-8F7C-27AABC0F2EFF}.Release|x64.Build.0 = Release|Any CPU
		{134FD3C4-2D9D-495F-8F7C-27AABC0F2EFF}.Release|x86.ActiveCfg = Release|Any CPU
		{134FD3C4-2D9D-495F-8F7C-27AABC0F2EFF}.Release|x86.Build.0 = Release|Any CPU
		{CB3AA999-6DB1-4813-AF1B-30E3D707E040}.Debug|Any CPU.ActiveCfg = Debug|Any CPU
		{CB3AA999-6DB1-4813-AF1B-30E3D707E040}.Debug|Any CPU.Build.0 = Debug|Any CPU
		{CB3AA999-6DB1-4813-AF1B-30E3D707E040}.Debug|x64.ActiveCfg = Debug|Any CPU
		{CB3AA999-6DB1-4813-AF1B-30E3D707E040}.Debug|x64.Build.0 = Debug|Any CPU
		{CB3AA999-6DB1-4813-AF1B-30E3D707E040}.Debug|x86.ActiveCfg = Debug|Any CPU
		{CB3AA999-6DB1-4813-AF1B-30E3D707E040}.Debug|x86.Build.0 = Debug|Any CPU
		{CB3AA999-6DB1-4813-AF1B-30E3D707E040}.Release|Any CPU.ActiveCfg = Release|Any CPU
		{CB3AA999-6DB1-4813-AF1B-30E3D707E040}.Release|Any CPU.Build.0 = Release|Any CPU
		{CB3AA999-6DB1-4813-AF1B-30E3D707E040}.Release|x64.ActiveCfg = Release|Any CPU
		{CB3AA999-6DB1-4813-AF1B-30E3D707E040}.Release|x64.Build.0 = Release|Any CPU
		{CB3AA999-6DB1-4813-AF1B-30E3D707E040}.Release|x86.ActiveCfg = Release|Any CPU
		{CB3AA999-6DB1-4813-AF1B-30E3D707E040}.Release|x86.Build.0 = Release|Any CPU
		{22A13EAB-6FCC-45D7-B2E2-5AFF11040BD6}.Debug|Any CPU.ActiveCfg = Debug|Any CPU
		{22A13EAB-6FCC-45D7-B2E2-5AFF11040BD6}.Debug|Any CPU.Build.0 = Debug|Any CPU
		{22A13EAB-6FCC-45D7-B2E2-5AFF11040BD6}.Debug|x64.ActiveCfg = Debug|Any CPU
		{22A13EAB-6FCC-45D7-B2E2-5AFF11040BD6}.Debug|x64.Build.0 = Debug|Any CPU
		{22A13EAB-6FCC-45D7-B2E2-5AFF11040BD6}.Debug|x86.ActiveCfg = Debug|Any CPU
		{22A13EAB-6FCC-45D7-B2E2-5AFF11040BD6}.Debug|x86.Build.0 = Debug|Any CPU
		{22A13EAB-6FCC-45D7-B2E2-5AFF11040BD6}.Release|Any CPU.ActiveCfg = Release|Any CPU
		{22A13EAB-6FCC-45D7-B2E2-5AFF11040BD6}.Release|Any CPU.Build.0 = Release|Any CPU
		{22A13EAB-6FCC-45D7-B2E2-5AFF11040BD6}.Release|x64.ActiveCfg = Release|Any CPU
		{22A13EAB-6FCC-45D7-B2E2-5AFF11040BD6}.Release|x64.Build.0 = Release|Any CPU
		{22A13EAB-6FCC-45D7-B2E2-5AFF11040BD6}.Release|x86.ActiveCfg = Release|Any CPU
		{22A13EAB-6FCC-45D7-B2E2-5AFF11040BD6}.Release|x86.Build.0 = Release|Any CPU
		{AE3EC119-AD49-4044-AFCE-7774EA0DE747}.Debug|Any CPU.ActiveCfg = Debug|Any CPU
		{AE3EC119-AD49-4044-AFCE-7774EA0DE747}.Debug|Any CPU.Build.0 = Debug|Any CPU
		{AE3EC119-AD49-4044-AFCE-7774EA0DE747}.Debug|x64.ActiveCfg = Debug|Any CPU
		{AE3EC119-AD49-4044-AFCE-7774EA0DE747}.Debug|x64.Build.0 = Debug|Any CPU
		{AE3EC119-AD49-4044-AFCE-7774EA0DE747}.Debug|x86.ActiveCfg = Debug|Any CPU
		{AE3EC119-AD49-4044-AFCE-7774EA0DE747}.Debug|x86.Build.0 = Debug|Any CPU
		{AE3EC119-AD49-4044-AFCE-7774EA0DE747}.Release|Any CPU.ActiveCfg = Release|Any CPU
		{AE3EC119-AD49-4044-AFCE-7774EA0DE747}.Release|Any CPU.Build.0 = Release|Any CPU
		{AE3EC119-AD49-4044-AFCE-7774EA0DE747}.Release|x64.ActiveCfg = Release|Any CPU
		{AE3EC119-AD49-4044-AFCE-7774EA0DE747}.Release|x64.Build.0 = Release|Any CPU
		{AE3EC119-AD49-4044-AFCE-7774EA0DE747}.Release|x86.ActiveCfg = Release|Any CPU
		{AE3EC119-AD49-4044-AFCE-7774EA0DE747}.Release|x86.Build.0 = Release|Any CPU
		{7DF584F8-227C-4C30-A5EE-C26F593F31A6}.Debug|Any CPU.ActiveCfg = Debug|Any CPU
		{7DF584F8-227C-4C30-A5EE-C26F593F31A6}.Debug|Any CPU.Build.0 = Debug|Any CPU
		{7DF584F8-227C-4C30-A5EE-C26F593F31A6}.Debug|x64.ActiveCfg = Debug|Any CPU
		{7DF584F8-227C-4C30-A5EE-C26F593F31A6}.Debug|x64.Build.0 = Debug|Any CPU
		{7DF584F8-227C-4C30-A5EE-C26F593F31A6}.Debug|x86.ActiveCfg = Debug|Any CPU
		{7DF584F8-227C-4C30-A5EE-C26F593F31A6}.Debug|x86.Build.0 = Debug|Any CPU
		{7DF584F8-227C-4C30-A5EE-C26F593F31A6}.Release|Any CPU.ActiveCfg = Release|Any CPU
		{7DF584F8-227C-4C30-A5EE-C26F593F31A6}.Release|Any CPU.Build.0 = Release|Any CPU
		{7DF584F8-227C-4C30-A5EE-C26F593F31A6}.Release|x64.ActiveCfg = Release|Any CPU
		{7DF584F8-227C-4C30-A5EE-C26F593F31A6}.Release|x64.Build.0 = Release|Any CPU
		{7DF584F8-227C-4C30-A5EE-C26F593F31A6}.Release|x86.ActiveCfg = Release|Any CPU
		{7DF584F8-227C-4C30-A5EE-C26F593F31A6}.Release|x86.Build.0 = Release|Any CPU
		{D57E39C5-0F48-4E4C-91D8-81410AB6BE7F}.Debug|Any CPU.ActiveCfg = Debug|Any CPU
		{D57E39C5-0F48-4E4C-91D8-81410AB6BE7F}.Debug|Any CPU.Build.0 = Debug|Any CPU
		{D57E39C5-0F48-4E4C-91D8-81410AB6BE7F}.Debug|x64.ActiveCfg = Debug|Any CPU
		{D57E39C5-0F48-4E4C-91D8-81410AB6BE7F}.Debug|x64.Build.0 = Debug|Any CPU
		{D57E39C5-0F48-4E4C-91D8-81410AB6BE7F}.Debug|x86.ActiveCfg = Debug|Any CPU
		{D57E39C5-0F48-4E4C-91D8-81410AB6BE7F}.Debug|x86.Build.0 = Debug|Any CPU
		{D57E39C5-0F48-4E4C-91D8-81410AB6BE7F}.Release|Any CPU.ActiveCfg = Release|Any CPU
		{D57E39C5-0F48-4E4C-91D8-81410AB6BE7F}.Release|Any CPU.Build.0 = Release|Any CPU
		{D57E39C5-0F48-4E4C-91D8-81410AB6BE7F}.Release|x64.ActiveCfg = Release|Any CPU
		{D57E39C5-0F48-4E4C-91D8-81410AB6BE7F}.Release|x64.Build.0 = Release|Any CPU
		{D57E39C5-0F48-4E4C-91D8-81410AB6BE7F}.Release|x86.ActiveCfg = Release|Any CPU
		{D57E39C5-0F48-4E4C-91D8-81410AB6BE7F}.Release|x86.Build.0 = Release|Any CPU
		{41FEEB0E-86D9-48E3-A04C-138D53869A6A}.Debug|Any CPU.ActiveCfg = Debug|Any CPU
		{41FEEB0E-86D9-48E3-A04C-138D53869A6A}.Debug|Any CPU.Build.0 = Debug|Any CPU
		{41FEEB0E-86D9-48E3-A04C-138D53869A6A}.Debug|x64.ActiveCfg = Debug|Any CPU
		{41FEEB0E-86D9-48E3-A04C-138D53869A6A}.Debug|x64.Build.0 = Debug|Any CPU
		{41FEEB0E-86D9-48E3-A04C-138D53869A6A}.Debug|x86.ActiveCfg = Debug|Any CPU
		{41FEEB0E-86D9-48E3-A04C-138D53869A6A}.Debug|x86.Build.0 = Debug|Any CPU
		{41FEEB0E-86D9-48E3-A04C-138D53869A6A}.Release|Any CPU.ActiveCfg = Release|Any CPU
		{41FEEB0E-86D9-48E3-A04C-138D53869A6A}.Release|Any CPU.Build.0 = Release|Any CPU
		{41FEEB0E-86D9-48E3-A04C-138D53869A6A}.Release|x64.ActiveCfg = Release|Any CPU
		{41FEEB0E-86D9-48E3-A04C-138D53869A6A}.Release|x64.Build.0 = Release|Any CPU
		{41FEEB0E-86D9-48E3-A04C-138D53869A6A}.Release|x86.ActiveCfg = Release|Any CPU
		{41FEEB0E-86D9-48E3-A04C-138D53869A6A}.Release|x86.Build.0 = Release|Any CPU
	EndGlobalSection
	GlobalSection(NestedProjects) = preSolution
		{AE3EC119-AD49-4044-AFCE-7774EA0DE747} = {2DD18678-92AE-48F4-B7B2-284D1C96F5E9}
		{7DF584F8-227C-4C30-A5EE-C26F593F31A6} = {2DD18678-92AE-48F4-B7B2-284D1C96F5E9}
		{D57E39C5-0F48-4E4C-91D8-81410AB6BE7F} = {2DD18678-92AE-48F4-B7B2-284D1C96F5E9}
		{41FEEB0E-86D9-48E3-A04C-138D53869A6A} = {2DD18678-92AE-48F4-B7B2-284D1C96F5E9}
	EndGlobalSection
EndGlobal
